{
  "version": 4,
  "terraform_version": "1.2.9",
  "serial": 15,
  "lineage": "745d607e-13f2-ddcf-5c5c-9545b8240498",
  "outputs": {
    "hexlet-zoom-youtube-uploader_ip_address": {
      "value": "95.216.192.49",
      "type": "string"
    }
  },
  "resources": [
    {
      "mode": "data",
      "type": "hcloud_ssh_keys",
      "name": "all_keys",
      "provider": "provider[\"registry.terraform.io/hetznercloud/hcloud\"]",
      "instances": [
        {
          "schema_version": 0,
          "attributes": {
            "id": "7950205-7950206-7950207-7950208-7950209-7950210-7979832",
            "ssh_keys": [
              {
                "fingerprint": "f1:71:fa:3b:90:91:20:c3:2e:c5:f7:cd:d3:02:bd:fd",
                "id": 7950205,
                "labels": {},
                "name": "kirill.m",
                "public_key": "ssh-rsa AAAAB3NzaC1yc2EAAAADAQABAAABAQC6iksm2XCHg7SsmBtEDOPI1B1aH0XtmR1InL9wphnICiCnUggi2EIDjxOHVbSnKVIVKgg6roBNBCcYsScWTbZiO9u+KfgMgG6F6H/zyD97TVazlK4wshw8EsZXQhUFPkG3xbyaGNUb82vfjnYuivyj8gQZRM39+jfI/mkKDzwImOE3rmNJoWBodjgLDFFtzM5HmcBqrb1STDjqJwFzrakyHVh7L7Hm9mYWzZNtmPRFzVrYvsrxx8M0QtBEAJx/k4ehHWc6wQR1BnTNGiKxGoiGZG/XPSRqQG+c+l6kxE9041YaBlLhXVjJYfw60xd2qYGRRvpE1p0oLK85LmsVCJcd mokevnin@gmail.com\n"
              },
              {
                "fingerprint": "d1:d2:ab:af:21:db:4f:6c:49:e4:d4:e7:6d:98:b1:ff",
                "id": 7950206,
                "labels": {},
                "name": "andrey.g",
                "public_key": "ssh-rsa AAAAB3NzaC1yc2EAAAADAQABAAABAQCcYwDnEgQ7+wCvu1UZXSeoO578aaqL5kSqYUVCZWuCsN7bFfDFPo0uoxqeR+EQrKigTWESITUuTOIBFgucCxXijzwFOeYnFpIYX1Uz231e7BLDw8ABs/vXTrUoXT4bKWLwy7N7M2elWYjevJ6FDRHj7WA4eLxuksTfgq3kH0MTcWBgMmD0L1rNF0Dx2u+dX8mQBRChi/GE6Ylj7NNFWzFhkh1RFoOgHC9P3HjebAJwuKVlEutnUbfpEj/88cS+6Kmh/qkqmXuzA/KAwUNNhJ1/+fJqFoIT1P7Bc81L3Ez0OlZdsh5/4j3EQXDPqWHSwzVOxhTbD1lRiB4Fwgb7IGdh groza@groza"
              },
              {
                "fingerprint": "aa:0e:03:a7:f0:d4:82:c6:fc:2d:64:86:6b:0f:95:70",
                "id": 7950207,
                "labels": {},
                "name": "andrey.m",
                "public_key": "ssh-rsa AAAAB3NzaC1yc2EAAAADAQABAAACAQDOBJq7Ds7K9K6feanGDYFkqQ5xEarow8HgN7FMDT9jSTGZZbKOAk6WK9uxnrDbQ5ex9uIXBsSJc8hawpm9qrTBfcFbUN6nz+SO0xPwReZ3wuvg41RvBIb9kEsvqC0kIgkY5EnDSItB0KFHRrSERwon9pKVBR3+DpGF8DrJbUDCCPlo23VCreFK5RED1aqMB4XoLrehD+CJhJwjpN9LbcVniKtc2+HZdUIzsJ8tXZNlordOgTpoTrZK0PPsr1QEOLljMw9ND/qmMshE9EkYps0+cb8xDv8fvgUAxFsSAf3E7wRaqiNNhhTHZy+6GwoGF1KAAialezowRVkiEg3mjpVfiNWEjNR+VGcLDKhDvbNAeMBMXnYyjvhYGCf9pbe1586+nmRZ+D2mXb9zhL4t7DD3dm6OjWuCr2okyRrzCy23P04xyBdnawwL5rxlbo54Ap0+l2iX7dnemI5ezE2erHgBNZmEhXpXOAq/IQKn9QH6XOzPbUyFM8cneTo46xUtv0Tg2FL4fNRbJM9EAz7hXSmEtSd8MqTdDP7c5GLrKCblygqpO2XeauBO3F/ELh5SY3vwbs5qpp8V4sglCQubt7jARAP7AgPf0nWxc+hVJ0tGFEuHEkeilvLyRDEc8DIWpoLsl3gHqEJF+c7RISIbK6OsDENahlI7kINBHqe4a7oOdw== fakesupp@gmail.com\n"
              },
              {
                "fingerprint": "af:24:86:28:bc:f6:2f:bf:58:63:ff:ce:a6:c0:35:ac",
                "id": 7950208,
                "labels": {},
                "name": "kirill.c",
                "public_key": "ssh-rsa AAAAB3NzaC1yc2EAAAADAQABAAABgQCzwj5Sb+7DeYCSUT8ELWaj4GoU7sOAEF+B18N87qWdO3/ONYtRxfNoGqXJPtDqYDMWCYNC0WWusn6naes7QV5y8S+lfEMzXMzDoreZVyK3GcylJaajFjeH2IiS8t7oiXmGDeykOQ0Wgkx8+sWxtKC9oO7fTuW0zVjwnS7z+YT3G6RoNwtEVC8qPlugK3AJ8O4d9w75G6haxTtaKrZu7uYNexKy46PrQZeqkJSdiItrbRYtZttfHd5jGMOp+0wnbM0UbvGvtVn8htZHIh2hNJ5AelNFi5MCOHLYUDyU33RM9JnE5owthjawf2EdbHuuw1jKzPqpUIjkmk+/LrtPbQw6+a+vZK8s4yTl5tC59IariyiPbRbKqMAT29Oq3Y8giN7lOklarxorTI3j8HpcI3mbASk3tQ8scVGkCkRG7LagqfUuHEqAUKv5+7RgammTWfGV4h2XwyXNE4/7Fg126DneGFQqoIadBSQdxIu2DaN5FXefOm/eY4bAjy1r5mgR0M8= kirill@Kirills-MacBook-Pro.local\n"
              },
              {
                "fingerprint": "f7:36:e7:9a:5a:27:35:c9:a4:e8:43:e9:0e:84:e7:d0",
                "id": 7950209,
                "labels": {},
                "name": "stanislav.d",
                "public_key": "ssh-rsa AAAAB3NzaC1yc2EAAAADAQABAAACAQDXrdE/TFobGoafVeKSUIGpO9c2KhCoMVAuSlBwo1EMg2WVhTnrtIxUi+M+1ElX6ZjpycfQ+V4I60eMsTScqbmdXRvVA0KweMTIshqqEvX/OK9MCZfVk96NREkNf/eow/MveBrFOL4AgFUt8TwFWxLHIVGsO40cELQF5daciHvS7ytJxbkw/6Z1QEp77yoqulFs7ujiI1QVMbisy3nEhXyyYaikcssdKD6fKUUaIiUTaUsnidXpf0U6SmIX7FutUkAmev1IXU8MXSm2VoxtQUPmwu5K3z4B1TtNHEO5U5qP+jIQgRvoBSaffQ7mKdkVWUOE/P9ajzwTFEV+ZhwIlx11pgHHX0s9hfPGi03bM77PddBZEOzp0k2DrEoed6o4gZles7rNiTKmL0QISvDkfBb+vE/x4x39jxjVsFlU1rdCMoqtqBmP8J0HU3nBRY0gvOQozRPkvK8FyXf5zCBK1FmP/pVIBSY5hgXKeFZJh8y1TtybBiorG3uHwSEd1VS1LTlp3s1KFcX70V3U8Ey5m+dgkzBCMwr4K3tbQdVHPhx18z3pzgDQyOSmfJ7lgreItV+7bjdrzA8ecjMlVfMJ0hBL0YSDPb/NzeIJ8hukQyeOFThJAeLjTWRqdGKDXPCZ2sTyxhGStL37tcSJhTBZNkW/sDKLme9E9RvtzFDBgdnZkw== stanislav.d@hexlet.io\n"
              },
              {
                "fingerprint": "e7:e9:27:40:ae:d9:ea:8e:d0:b1:39:ae:08:91:95:ef",
                "id": 7950210,
                "labels": {},
                "name": "sergey.m",
                "public_key": "ssh-rsa AAAAB3NzaC1yc2EAAAADAQABAAABAQDlfv4enEEKrXc6kQahn5VDOKjbsHiaCKUshTokXfvDw34cu3gVELnJxxW5U+sneW7+wZd6IoPVfKhAbbeb64rXp4cBRnZtMDhumPFqGWisrX9+Lzsb4ew8lOoUigtXeEA4JB2NZ0GamFId54KEQjfmmGiZhh1r8FbcaNdieLjvQyno/V95qBmhA7E7iV6EV2ux0hyMCCzdtIiOtrENRaXIrf2qg/WFubj62ySgAG52u/ua5vUxQ/r+z/kylOgS6Cx45T0oxwQ3WpyO3eE1y+UdNF5vgqFiNNHuCjo8c1svA0FPxtshNVk74TiDACEcZqnJwIUoYHq0C0dDUcitdEKT mishin\n"
              },
              {
                "fingerprint": "92:89:d2:00:bf:9c:cf:65:ff:30:c9:a5:28:af:f4:f1",
                "id": 7979832,
                "labels": {},
                "name": "sergei.m",
                "public_key": "ssh-rsa AAAAB3NzaC1yc2EAAAADAQABAAABAQDXRtSNYpOEUpjl+Jxe76X1hOlxSZhqyI5xhTMCgrLAKvX/obEy7BLM0c4BXgLK9bRONG6M+3+EAGYqje6z+nx5rChVBYWF1/jjfXB84G8hjjPTX1y1mL7WUfXgVXxNt36f17aAN68f0b4/P3PKxDAX5nwmqhFro+h1xeAyM4UJvgMaxI8ZDYTM2kYm4834EFXBGtVx/wIxWrkG2damjf2KV6vKDhaK9/t5ly+db3O62Fp+fSI1Ygg5QHsMeMuZH6lTlB04Aeoh4y4XzpRwxeYgdP3L/NDBr5/xffCfpmYo2MoDbyKTWNQx46uKIGOuAsH/978qaFPOukLqW0Zw2JFZ Hexlet\n"
              }
            ],
            "with_selector": null
          },
          "sensitive_attributes": []
        }
      ]
    },
    {
      "mode": "managed",
      "type": "hcloud_server",
      "name": "hexlet-zoom-youtube-uploader",
      "provider": "provider[\"registry.terraform.io/hetznercloud/hcloud\"]",
      "instances": [
        {
          "schema_version": 0,
          "attributes": {
            "allow_deprecated_images": false,
            "backup_window": "",
            "backups": false,
            "datacenter": "hel1-dc2",
            "delete_protection": false,
            "firewall_ids": [],
            "id": "23875681",
            "ignore_remote_firewall_ids": false,
            "image": "docker-ce",
            "ipv4_address": "95.216.192.49",
            "ipv6_address": "2a01:4f9:c012:6d3d::1",
            "ipv6_network": "2a01:4f9:c012:6d3d::/64",
            "iso": null,
            "keep_disk": false,
            "labels": null,
            "location": "hel1",
            "name": "zoom-youtube-uploader",
            "network": [],
            "placement_group_id": null,
            "public_net": [],
            "rebuild_protection": false,
            "rescue": null,
            "server_type": "cpx11",
            "ssh_keys": [
              "kirill.m",
              "andrey.g",
              "andrey.m",
              "kirill.c",
              "stanislav.d",
              "sergey.m",
              "sergei.m"
            ],
            "status": "running",
            "timeouts": null,
            "user_data": null
          },
          "sensitive_attributes": [],
          "private": "eyJlMmJmYjczMC1lY2FhLTExZTYtOGY4OC0zNDM2M2JjN2M0YzAiOnsiY3JlYXRlIjo1NDAwMDAwMDAwMDAwfX0=",
          "dependencies": [
            "data.hcloud_ssh_keys.all_keys"
          ]
        }
      ]
    },
    {
      "mode": "managed",
      "type": "hcloud_ssh_key",
      "name": "andrey_g",
      "provider": "provider[\"registry.terraform.io/hetznercloud/hcloud\"]",
      "instances": [
        {
          "schema_version": 0,
          "attributes": {
            "fingerprint": "d1:d2:ab:af:21:db:4f:6c:49:e4:d4:e7:6d:98:b1:ff",
            "id": "7950206",
            "labels": {},
            "name": "andrey.g",
            "public_key": "ssh-rsa AAAAB3NzaC1yc2EAAAADAQABAAABAQCcYwDnEgQ7+wCvu1UZXSeoO578aaqL5kSqYUVCZWuCsN7bFfDFPo0uoxqeR+EQrKigTWESITUuTOIBFgucCxXijzwFOeYnFpIYX1Uz231e7BLDw8ABs/vXTrUoXT4bKWLwy7N7M2elWYjevJ6FDRHj7WA4eLxuksTfgq3kH0MTcWBgMmD0L1rNF0Dx2u+dX8mQBRChi/GE6Ylj7NNFWzFhkh1RFoOgHC9P3HjebAJwuKVlEutnUbfpEj/88cS+6Kmh/qkqmXuzA/KAwUNNhJ1/+fJqFoIT1P7Bc81L3Ez0OlZdsh5/4j3EQXDPqWHSwzVOxhTbD1lRiB4Fwgb7IGdh groza@groza"
          },
          "sensitive_attributes": [],
          "private": "bnVsbA=="
        }
      ]
    },
    {
      "mode": "managed",
      "type": "hcloud_ssh_key",
      "name": "andrey_m",
      "provider": "provider[\"registry.terraform.io/hetznercloud/hcloud\"]",
      "instances": [
        {
          "schema_version": 0,
          "attributes": {
            "fingerprint": "aa:0e:03:a7:f0:d4:82:c6:fc:2d:64:86:6b:0f:95:70",
            "id": "7950207",
            "labels": {},
            "name": "andrey.m",
            "public_key": "ssh-rsa AAAAB3NzaC1yc2EAAAADAQABAAACAQDOBJq7Ds7K9K6feanGDYFkqQ5xEarow8HgN7FMDT9jSTGZZbKOAk6WK9uxnrDbQ5ex9uIXBsSJc8hawpm9qrTBfcFbUN6nz+SO0xPwReZ3wuvg41RvBIb9kEsvqC0kIgkY5EnDSItB0KFHRrSERwon9pKVBR3+DpGF8DrJbUDCCPlo23VCreFK5RED1aqMB4XoLrehD+CJhJwjpN9LbcVniKtc2+HZdUIzsJ8tXZNlordOgTpoTrZK0PPsr1QEOLljMw9ND/qmMshE9EkYps0+cb8xDv8fvgUAxFsSAf3E7wRaqiNNhhTHZy+6GwoGF1KAAialezowRVkiEg3mjpVfiNWEjNR+VGcLDKhDvbNAeMBMXnYyjvhYGCf9pbe1586+nmRZ+D2mXb9zhL4t7DD3dm6OjWuCr2okyRrzCy23P04xyBdnawwL5rxlbo54Ap0+l2iX7dnemI5ezE2erHgBNZmEhXpXOAq/IQKn9QH6XOzPbUyFM8cneTo46xUtv0Tg2FL4fNRbJM9EAz7hXSmEtSd8MqTdDP7c5GLrKCblygqpO2XeauBO3F/ELh5SY3vwbs5qpp8V4sglCQubt7jARAP7AgPf0nWxc+hVJ0tGFEuHEkeilvLyRDEc8DIWpoLsl3gHqEJF+c7RISIbK6OsDENahlI7kINBHqe4a7oOdw== fakesupp@gmail.com\n"
          },
          "sensitive_attributes": [],
          "private": "bnVsbA=="
        }
      ]
    },
    {
      "mode": "managed",
      "type": "hcloud_ssh_key",
      "name": "kirill_c",
      "provider": "provider[\"registry.terraform.io/hetznercloud/hcloud\"]",
      "instances": [
        {
          "schema_version": 0,
          "attributes": {
            "fingerprint": "af:24:86:28:bc:f6:2f:bf:58:63:ff:ce:a6:c0:35:ac",
            "id": "7950208",
            "labels": {},
            "name": "kirill.c",
            "public_key": "ssh-rsa AAAAB3NzaC1yc2EAAAADAQABAAABgQCzwj5Sb+7DeYCSUT8ELWaj4GoU7sOAEF+B18N87qWdO3/ONYtRxfNoGqXJPtDqYDMWCYNC0WWusn6naes7QV5y8S+lfEMzXMzDoreZVyK3GcylJaajFjeH2IiS8t7oiXmGDeykOQ0Wgkx8+sWxtKC9oO7fTuW0zVjwnS7z+YT3G6RoNwtEVC8qPlugK3AJ8O4d9w75G6haxTtaKrZu7uYNexKy46PrQZeqkJSdiItrbRYtZttfHd5jGMOp+0wnbM0UbvGvtVn8htZHIh2hNJ5AelNFi5MCOHLYUDyU33RM9JnE5owthjawf2EdbHuuw1jKzPqpUIjkmk+/LrtPbQw6+a+vZK8s4yTl5tC59IariyiPbRbKqMAT29Oq3Y8giN7lOklarxorTI3j8HpcI3mbASk3tQ8scVGkCkRG7LagqfUuHEqAUKv5+7RgammTWfGV4h2XwyXNE4/7Fg126DneGFQqoIadBSQdxIu2DaN5FXefOm/eY4bAjy1r5mgR0M8= kirill@Kirills-MacBook-Pro.local\n"
          },
          "sensitive_attributes": [],
          "private": "bnVsbA=="
        }
      ]
    },
    {
      "mode": "managed",
      "type": "hcloud_ssh_key",
      "name": "kirill_m",
      "provider": "provider[\"registry.terraform.io/hetznercloud/hcloud\"]",
      "instances": [
        {
          "schema_version": 0,
          "attributes": {
            "fingerprint": "f1:71:fa:3b:90:91:20:c3:2e:c5:f7:cd:d3:02:bd:fd",
            "id": "7950205",
            "labels": {},
            "name": "kirill.m",
            "public_key": "ssh-rsa AAAAB3NzaC1yc2EAAAADAQABAAABAQC6iksm2XCHg7SsmBtEDOPI1B1aH0XtmR1InL9wphnICiCnUggi2EIDjxOHVbSnKVIVKgg6roBNBCcYsScWTbZiO9u+KfgMgG6F6H/zyD97TVazlK4wshw8EsZXQhUFPkG3xbyaGNUb82vfjnYuivyj8gQZRM39+jfI/mkKDzwImOE3rmNJoWBodjgLDFFtzM5HmcBqrb1STDjqJwFzrakyHVh7L7Hm9mYWzZNtmPRFzVrYvsrxx8M0QtBEAJx/k4ehHWc6wQR1BnTNGiKxGoiGZG/XPSRqQG+c+l6kxE9041YaBlLhXVjJYfw60xd2qYGRRvpE1p0oLK85LmsVCJcd mokevnin@gmail.com\n"
          },
          "sensitive_attributes": [],
          "private": "bnVsbA=="
        }
      ]
    },
    {
      "mode": "managed",
      "type": "hcloud_ssh_key",
      "name": "sergei_m",
      "provider": "provider[\"registry.terraform.io/hetznercloud/hcloud\"]",
      "instances": [
        {
          "schema_version": 0,
          "attributes": {
            "fingerprint": "92:89:d2:00:bf:9c:cf:65:ff:30:c9:a5:28:af:f4:f1",
            "id": "7979832",
            "labels": {},
            "name": "sergei.m",
            "public_key": "ssh-rsa AAAAB3NzaC1yc2EAAAADAQABAAABAQDXRtSNYpOEUpjl+Jxe76X1hOlxSZhqyI5xhTMCgrLAKvX/obEy7BLM0c4BXgLK9bRONG6M+3+EAGYqje6z+nx5rChVBYWF1/jjfXB84G8hjjPTX1y1mL7WUfXgVXxNt36f17aAN68f0b4/P3PKxDAX5nwmqhFro+h1xeAyM4UJvgMaxI8ZDYTM2kYm4834EFXBGtVx/wIxWrkG2damjf2KV6vKDhaK9/t5ly+db3O62Fp+fSI1Ygg5QHsMeMuZH6lTlB04Aeoh4y4XzpRwxeYgdP3L/NDBr5/xffCfpmYo2MoDbyKTWNQx46uKIGOuAsH/978qaFPOukLqW0Zw2JFZ Hexlet\n"
          },
          "sensitive_attributes": [],
          "private": "bnVsbA=="
        }
      ]
    },
    {
      "mode": "managed",
      "type": "hcloud_ssh_key",
      "name": "sergey_m",
      "provider": "provider[\"registry.terraform.io/hetznercloud/hcloud\"]",
      "instances": [
        {
          "schema_version": 0,
          "attributes": {
            "fingerprint": "e7:e9:27:40:ae:d9:ea:8e:d0:b1:39:ae:08:91:95:ef",
            "id": "7950210",
            "labels": {},
            "name": "sergey.m",
            "public_key": "ssh-rsa AAAAB3NzaC1yc2EAAAADAQABAAABAQDlfv4enEEKrXc6kQahn5VDOKjbsHiaCKUshTokXfvDw34cu3gVELnJxxW5U+sneW7+wZd6IoPVfKhAbbeb64rXp4cBRnZtMDhumPFqGWisrX9+Lzsb4ew8lOoUigtXeEA4JB2NZ0GamFId54KEQjfmmGiZhh1r8FbcaNdieLjvQyno/V95qBmhA7E7iV6EV2ux0hyMCCzdtIiOtrENRaXIrf2qg/WFubj62ySgAG52u/ua5vUxQ/r+z/kylOgS6Cx45T0oxwQ3WpyO3eE1y+UdNF5vgqFiNNHuCjo8c1svA0FPxtshNVk74TiDACEcZqnJwIUoYHq0C0dDUcitdEKT mishin\n"
          },
          "sensitive_attributes": [],
          "private": "bnVsbA=="
        }
      ]
    },
    {
      "mode": "managed",
      "type": "hcloud_ssh_key",
      "name": "stanislav_d",
      "provider": "provider[\"registry.terraform.io/hetznercloud/hcloud\"]",
      "instances": [
        {
          "schema_version": 0,
          "attributes": {
            "fingerprint": "f7:36:e7:9a:5a:27:35:c9:a4:e8:43:e9:0e:84:e7:d0",
            "id": "7950209",
            "labels": {},
            "name": "stanislav.d",
            "public_key": "ssh-rsa AAAAB3NzaC1yc2EAAAADAQABAAACAQDXrdE/TFobGoafVeKSUIGpO9c2KhCoMVAuSlBwo1EMg2WVhTnrtIxUi+M+1ElX6ZjpycfQ+V4I60eMsTScqbmdXRvVA0KweMTIshqqEvX/OK9MCZfVk96NREkNf/eow/MveBrFOL4AgFUt8TwFWxLHIVGsO40cELQF5daciHvS7ytJxbkw/6Z1QEp77yoqulFs7ujiI1QVMbisy3nEhXyyYaikcssdKD6fKUUaIiUTaUsnidXpf0U6SmIX7FutUkAmev1IXU8MXSm2VoxtQUPmwu5K3z4B1TtNHEO5U5qP+jIQgRvoBSaffQ7mKdkVWUOE/P9ajzwTFEV+ZhwIlx11pgHHX0s9hfPGi03bM77PddBZEOzp0k2DrEoed6o4gZles7rNiTKmL0QISvDkfBb+vE/x4x39jxjVsFlU1rdCMoqtqBmP8J0HU3nBRY0gvOQozRPkvK8FyXf5zCBK1FmP/pVIBSY5hgXKeFZJh8y1TtybBiorG3uHwSEd1VS1LTlp3s1KFcX70V3U8Ey5m+dgkzBCMwr4K3tbQdVHPhx18z3pzgDQyOSmfJ7lgreItV+7bjdrzA8ecjMlVfMJ0hBL0YSDPb/NzeIJ8hukQyeOFThJAeLjTWRqdGKDXPCZ2sTyxhGStL37tcSJhTBZNkW/sDKLme9E9RvtzFDBgdnZkw== stanislav.d@hexlet.io\n"
          },
          "sensitive_attributes": [],
          "private": "bnVsbA=="
        }
      ]
    }
  ]
}
